
Microsoft Visual Studio Solution File, Format Version 12.00
# Visual Studio Version 17
VisualStudioVersion = 17.8.34316.72
MinimumVisualStudioVersion = 10.0.40219.1
Project("{8BC9CEB8-8B4A-11D0-8D11-00A0C91BC942}") = "Projet", "Projet\Projet.vcxproj", "{9F647C73-9220-4D3A-AA7C-1361566D02CC}"
EndProject
Global
	GlobalSection(SolutionConfigurationPlatforms) = preSolution
		Debug|x64 = Debug|x64
		Debug|x86 = Debug|x86
		Release|x64 = Release|x64
		Release|x86 = Release|x86
	EndGlobalSection
	GlobalSection(ProjectConfigurationPlatforms) = postSolution
		{9F647C73-9220-4D3A-AA7C-1361566D02CC}.Debug|x64.ActiveCfg = Debug|x64
		{9F647C73-9220-4D3A-AA7C-1361566D02CC}.Debug|x64.Build.0 = Debug|x64
		{9F647C73-9220-4D3A-AA7C-1361566D02CC}.Debug|x86.ActiveCfg = Debug|Win32
		{9F647C73-9220-4D3A-AA7C-1361566D02CC}.Debug|x86.Build.0 = Debug|Win32
		{9F647C73-9220-4D3A-AA7C-1361566D02CC}.Release|x64.ActiveCfg = Release|x64
		{9F647C73-9220-4D3A-AA7C-1361566D02CC}.Release|x64.Build.0 = Release|x64
		{9F647C73-9220-4D3A-AA7C-1361566D02CC}.Release|x86.ActiveCfg = Release|Win32
		{9F647C73-9220-4D3A-AA7C-1361566D02CC}.Release|x86.Build.0 = Release|Win32
	EndGlobalSection
	GlobalSection(SolutionProperties) = preSolution
		HideSolutionNode = FALSE
	EndGlobalSection
	GlobalSection(ExtensibilityGlobals) = postSolution
		SolutionGuid = {C4096392-BA00-45CA-9FB3-05537F7D7C9D}
	EndGlobalSection
EndGlobal
